
Microsoft Visual Studio Solution File, Format Version 12.00
# Visual Studio Version 17
VisualStudioVersion = 17.10.35013.160
MinimumVisualStudioVersion = 10.0.40219.1
Project("{2150E333-8FDC-42A3-9474-1A3956D46DE8}") = "Docs", "Docs", "{99F97F37-B2BB-4D45-899F-190F5CA61CC6}"
	ProjectSection(SolutionItems) = preProject
		Docs\EfCoreCommands.txt = Docs\EfCoreCommands.txt
	EndProjectSection
EndProject
Project("{2150E333-8FDC-42A3-9474-1A3956D46DE8}") = "Src", "Src", "{B7357C94-AA0D-45DC-B51E-3C966FE991D4}"
EndProject
Project("{2150E333-8FDC-42A3-9474-1A3956D46DE8}") = "Tests", "Tests", "{AC84E431-EC65-415A-B649-736F0A044467}"
EndProject
Project("{2150E333-8FDC-42A3-9474-1A3956D46DE8}") = "Core", "Core", "{B02ADE9D-0B63-4EA7-B45B-E286C659AB58}"
EndProject
Project("{9A19103F-16F7-4668-BE54-9A1E7A4F7556}") = "Domain", "Src\Core\Domain\Domain.csproj", "{BBFA0989-FA0A-4C42-BE41-929F69E8178B}"
EndProject
Project("{9A19103F-16F7-4668-BE54-9A1E7A4F7556}") = "Application", "Src\Core\Application\Application.csproj", "{EF1BF490-CE40-4418-A20B-205826A8E165}"
EndProject
Project("{2150E333-8FDC-42A3-9474-1A3956D46DE8}") = "Infrastructures", "Infrastructures", "{421702C0-07E5-412E-8860-64D1DC181A1E}"
EndProject
Project("{9A19103F-16F7-4668-BE54-9A1E7A4F7556}") = "Infrastructure", "Src\Infrastructures\Infrastructure\Infrastructure.csproj", "{5A5DC4E3-3729-4D33-B52E-50D86EBC5D54}"
EndProject
Project("{9A19103F-16F7-4668-BE54-9A1E7A4F7556}") = "Domain.UnitTests", "Tests\Domain.UnitTests\Domain.UnitTests.csproj", "{C8374D07-2679-44F8-9E20-FC098D26FF55}"
EndProject
Project("{9A19103F-16F7-4668-BE54-9A1E7A4F7556}") = "Application.IntegrationTests", "Tests\Application.IntegrationTests\Application.IntegrationTests.csproj", "{E3AF0F59-2E72-4660-A161-54D63F72B490}"
EndProject
Project("{9A19103F-16F7-4668-BE54-9A1E7A4F7556}") = "SharedUtilityTestMethods", "Tests\SharedUtilityTestMethods\SharedUtilityTestMethods.csproj", "{F4D0C759-EBB7-4689-825C-A79758E908FD}"
EndProject
Project("{9A19103F-16F7-4668-BE54-9A1E7A4F7556}") = "Infrastructure.IntegrationTests", "Tests\Infrastructure.IntegrationTests\Infrastructure.IntegrationTests.csproj", "{14672425-BF22-4729-A1AF-E2ABABD28176}"
EndProject
Project("{9A19103F-16F7-4668-BE54-9A1E7A4F7556}") = "ServiceLayer", "Src\Infrastructures\ServiceLayer\ServiceLayer.csproj", "{A57C36E5-C9D4-4EFD-A4DF-5FA290FF6B17}"
EndProject
Project("{2150E333-8FDC-42A3-9474-1A3956D46DE8}") = "Presentation", "Presentation", "{D1071BB3-2C6B-45C2-B538-707D462B9F5C}"
EndProject
Project("{9A19103F-16F7-4668-BE54-9A1E7A4F7556}") = "WebApiAuth", "Src\Presentation\WebApiAuth\WebApiAuth.csproj", "{11120EF8-D194-4C3B-9458-B560DDC89631}"
EndProject
Project("{9A19103F-16F7-4668-BE54-9A1E7A4F7556}") = "WebApi", "Src\Presentation\WebApi\WebApi.csproj", "{106C696F-0DC9-4C1F-9326-2BDA13560B0E}"
EndProject
Project("{00D1A9C2-B5F0-4AF3-8072-F6C62B433612}") = "DatabaseLayer", "Src\Infrastructures\DatabaseLayer\DatabaseLayer.sqlproj", "{77166F67-4FE5-415F-B2F9-89B4707C6CD2}"
EndProject
Project("{9A19103F-16F7-4668-BE54-9A1E7A4F7556}") = "WebApiAuth.FunctionalTests", "Tests\WebApiAuth.FunctionalTests\WebApiAuth.FunctionalTests.csproj", "{F8BFE84A-8142-4E32-BA9A-E787DA3BF3A5}"
EndProject
Project("{9A19103F-16F7-4668-BE54-9A1E7A4F7556}") = "Infrastructure.SqlServerMigrations", "Src\Infrastructures\Infrastructure.SqlServerMigrations\Infrastructure.SqlServerMigrations.csproj", "{180C9612-488F-4D13-82D9-58319DB70018}"
EndProject
Project("{9A19103F-16F7-4668-BE54-9A1E7A4F7556}") = "Infrastructure.SqliteMigrations", "Src\Infrastructures\Infrastructure.SqliteMigrations\Infrastructure.SqliteMigrations.csproj", "{4B09A0D6-77AE-49B0-8D9F-B21A76EFF8A4}"
EndProject
Project("{9A19103F-16F7-4668-BE54-9A1E7A4F7556}") = "TaskMaster.AppHost", "Src\Presentation\TaskMaster.AppHost\TaskMaster.AppHost.csproj", "{5B3D55C7-1DD6-44C2-A52D-3ED65E6AC97A}"
EndProject
Project("{9A19103F-16F7-4668-BE54-9A1E7A4F7556}") = "TaskMaster.ServiceDefaults", "Src\Presentation\TaskMaster.ServiceDefaults\TaskMaster.ServiceDefaults.csproj", "{CDADBA22-077D-4E6F-A66C-80FE9AD70890}"
EndProject
Project("{9A19103F-16F7-4668-BE54-9A1E7A4F7556}") = "WebApi.FunctionalTests", "Tests\WebApi.FunctionalTests\WebApi.FunctionalTests.csproj", "{B26D9DEA-5E4C-4269-8861-BFC1B3613C0C}"
EndProject
Project("{9A19103F-16F7-4668-BE54-9A1E7A4F7556}") = "SharedTestDataLibrary", "Tests\SharedTestDataLibrary\SharedTestDataLibrary.csproj", "{E5A904BC-831B-46F4-8EF1-0390E8CEB99A}"
EndProject
Project("{FAE04EC0-301F-11D3-BF4B-00C04F79EFBC}") = "WebApp", "Src\WebApp\WebApp.csproj", "{7C4487EC-7282-4695-A3DF-8D5E2C33680E}"
EndProject
Global
	GlobalSection(SolutionConfigurationPlatforms) = preSolution
		Debug|Any CPU = Debug|Any CPU
		Release|Any CPU = Release|Any CPU
	EndGlobalSection
	GlobalSection(ProjectConfigurationPlatforms) = postSolution
		{BBFA0989-FA0A-4C42-BE41-929F69E8178B}.Debug|Any CPU.ActiveCfg = Debug|Any CPU
		{BBFA0989-FA0A-4C42-BE41-929F69E8178B}.Debug|Any CPU.Build.0 = Debug|Any CPU
		{BBFA0989-FA0A-4C42-BE41-929F69E8178B}.Release|Any CPU.ActiveCfg = Release|Any CPU
		{BBFA0989-FA0A-4C42-BE41-929F69E8178B}.Release|Any CPU.Build.0 = Release|Any CPU
		{EF1BF490-CE40-4418-A20B-205826A8E165}.Debug|Any CPU.ActiveCfg = Debug|Any CPU
		{EF1BF490-CE40-4418-A20B-205826A8E165}.Debug|Any CPU.Build.0 = Debug|Any CPU
		{EF1BF490-CE40-4418-A20B-205826A8E165}.Release|Any CPU.ActiveCfg = Release|Any CPU
		{EF1BF490-CE40-4418-A20B-205826A8E165}.Release|Any CPU.Build.0 = Release|Any CPU
		{5A5DC4E3-3729-4D33-B52E-50D86EBC5D54}.Debug|Any CPU.ActiveCfg = Debug|Any CPU
		{5A5DC4E3-3729-4D33-B52E-50D86EBC5D54}.Debug|Any CPU.Build.0 = Debug|Any CPU
		{5A5DC4E3-3729-4D33-B52E-50D86EBC5D54}.Release|Any CPU.ActiveCfg = Release|Any CPU
		{5A5DC4E3-3729-4D33-B52E-50D86EBC5D54}.Release|Any CPU.Build.0 = Release|Any CPU
		{C8374D07-2679-44F8-9E20-FC098D26FF55}.Debug|Any CPU.ActiveCfg = Debug|Any CPU
		{C8374D07-2679-44F8-9E20-FC098D26FF55}.Debug|Any CPU.Build.0 = Debug|Any CPU
		{C8374D07-2679-44F8-9E20-FC098D26FF55}.Release|Any CPU.ActiveCfg = Release|Any CPU
		{C8374D07-2679-44F8-9E20-FC098D26FF55}.Release|Any CPU.Build.0 = Release|Any CPU
		{E3AF0F59-2E72-4660-A161-54D63F72B490}.Debug|Any CPU.ActiveCfg = Debug|Any CPU
		{E3AF0F59-2E72-4660-A161-54D63F72B490}.Debug|Any CPU.Build.0 = Debug|Any CPU
		{E3AF0F59-2E72-4660-A161-54D63F72B490}.Release|Any CPU.ActiveCfg = Release|Any CPU
		{E3AF0F59-2E72-4660-A161-54D63F72B490}.Release|Any CPU.Build.0 = Release|Any CPU
		{F4D0C759-EBB7-4689-825C-A79758E908FD}.Debug|Any CPU.ActiveCfg = Debug|Any CPU
		{F4D0C759-EBB7-4689-825C-A79758E908FD}.Debug|Any CPU.Build.0 = Debug|Any CPU
		{F4D0C759-EBB7-4689-825C-A79758E908FD}.Release|Any CPU.ActiveCfg = Release|Any CPU
		{F4D0C759-EBB7-4689-825C-A79758E908FD}.Release|Any CPU.Build.0 = Release|Any CPU
		{14672425-BF22-4729-A1AF-E2ABABD28176}.Debug|Any CPU.ActiveCfg = Debug|Any CPU
		{14672425-BF22-4729-A1AF-E2ABABD28176}.Debug|Any CPU.Build.0 = Debug|Any CPU
		{14672425-BF22-4729-A1AF-E2ABABD28176}.Release|Any CPU.ActiveCfg = Release|Any CPU
		{14672425-BF22-4729-A1AF-E2ABABD28176}.Release|Any CPU.Build.0 = Release|Any CPU
		{A57C36E5-C9D4-4EFD-A4DF-5FA290FF6B17}.Debug|Any CPU.ActiveCfg = Debug|Any CPU
		{A57C36E5-C9D4-4EFD-A4DF-5FA290FF6B17}.Debug|Any CPU.Build.0 = Debug|Any CPU
		{A57C36E5-C9D4-4EFD-A4DF-5FA290FF6B17}.Release|Any CPU.ActiveCfg = Release|Any CPU
		{A57C36E5-C9D4-4EFD-A4DF-5FA290FF6B17}.Release|Any CPU.Build.0 = Release|Any CPU
		{11120EF8-D194-4C3B-9458-B560DDC89631}.Debug|Any CPU.ActiveCfg = Debug|Any CPU
		{11120EF8-D194-4C3B-9458-B560DDC89631}.Debug|Any CPU.Build.0 = Debug|Any CPU
		{11120EF8-D194-4C3B-9458-B560DDC89631}.Release|Any CPU.ActiveCfg = Release|Any CPU
		{11120EF8-D194-4C3B-9458-B560DDC89631}.Release|Any CPU.Build.0 = Release|Any CPU
		{106C696F-0DC9-4C1F-9326-2BDA13560B0E}.Debug|Any CPU.ActiveCfg = Debug|Any CPU
		{106C696F-0DC9-4C1F-9326-2BDA13560B0E}.Debug|Any CPU.Build.0 = Debug|Any CPU
		{106C696F-0DC9-4C1F-9326-2BDA13560B0E}.Release|Any CPU.ActiveCfg = Release|Any CPU
		{106C696F-0DC9-4C1F-9326-2BDA13560B0E}.Release|Any CPU.Build.0 = Release|Any CPU
		{77166F67-4FE5-415F-B2F9-89B4707C6CD2}.Debug|Any CPU.ActiveCfg = Debug|Any CPU
		{77166F67-4FE5-415F-B2F9-89B4707C6CD2}.Debug|Any CPU.Build.0 = Debug|Any CPU
		{77166F67-4FE5-415F-B2F9-89B4707C6CD2}.Debug|Any CPU.Deploy.0 = Debug|Any CPU
		{77166F67-4FE5-415F-B2F9-89B4707C6CD2}.Release|Any CPU.ActiveCfg = Release|Any CPU
		{77166F67-4FE5-415F-B2F9-89B4707C6CD2}.Release|Any CPU.Build.0 = Release|Any CPU
		{77166F67-4FE5-415F-B2F9-89B4707C6CD2}.Release|Any CPU.Deploy.0 = Release|Any CPU
		{F8BFE84A-8142-4E32-BA9A-E787DA3BF3A5}.Debug|Any CPU.ActiveCfg = Debug|Any CPU
		{F8BFE84A-8142-4E32-BA9A-E787DA3BF3A5}.Debug|Any CPU.Build.0 = Debug|Any CPU
		{F8BFE84A-8142-4E32-BA9A-E787DA3BF3A5}.Release|Any CPU.ActiveCfg = Release|Any CPU
		{F8BFE84A-8142-4E32-BA9A-E787DA3BF3A5}.Release|Any CPU.Build.0 = Release|Any CPU
		{180C9612-488F-4D13-82D9-58319DB70018}.Debug|Any CPU.ActiveCfg = Debug|Any CPU
		{180C9612-488F-4D13-82D9-58319DB70018}.Debug|Any CPU.Build.0 = Debug|Any CPU
		{180C9612-488F-4D13-82D9-58319DB70018}.Release|Any CPU.ActiveCfg = Release|Any CPU
		{180C9612-488F-4D13-82D9-58319DB70018}.Release|Any CPU.Build.0 = Release|Any CPU
		{4B09A0D6-77AE-49B0-8D9F-B21A76EFF8A4}.Debug|Any CPU.ActiveCfg = Debug|Any CPU
		{4B09A0D6-77AE-49B0-8D9F-B21A76EFF8A4}.Debug|Any CPU.Build.0 = Debug|Any CPU
		{4B09A0D6-77AE-49B0-8D9F-B21A76EFF8A4}.Release|Any CPU.ActiveCfg = Release|Any CPU
		{4B09A0D6-77AE-49B0-8D9F-B21A76EFF8A4}.Release|Any CPU.Build.0 = Release|Any CPU
		{5B3D55C7-1DD6-44C2-A52D-3ED65E6AC97A}.Debug|Any CPU.ActiveCfg = Debug|Any CPU
		{5B3D55C7-1DD6-44C2-A52D-3ED65E6AC97A}.Debug|Any CPU.Build.0 = Debug|Any CPU
		{5B3D55C7-1DD6-44C2-A52D-3ED65E6AC97A}.Release|Any CPU.ActiveCfg = Release|Any CPU
		{5B3D55C7-1DD6-44C2-A52D-3ED65E6AC97A}.Release|Any CPU.Build.0 = Release|Any CPU
		{CDADBA22-077D-4E6F-A66C-80FE9AD70890}.Debug|Any CPU.ActiveCfg = Debug|Any CPU
		{CDADBA22-077D-4E6F-A66C-80FE9AD70890}.Debug|Any CPU.Build.0 = Debug|Any CPU
		{CDADBA22-077D-4E6F-A66C-80FE9AD70890}.Release|Any CPU.ActiveCfg = Release|Any CPU
		{CDADBA22-077D-4E6F-A66C-80FE9AD70890}.Release|Any CPU.Build.0 = Release|Any CPU
		{B26D9DEA-5E4C-4269-8861-BFC1B3613C0C}.Debug|Any CPU.ActiveCfg = Debug|Any CPU
		{B26D9DEA-5E4C-4269-8861-BFC1B3613C0C}.Debug|Any CPU.Build.0 = Debug|Any CPU
		{B26D9DEA-5E4C-4269-8861-BFC1B3613C0C}.Release|Any CPU.ActiveCfg = Release|Any CPU
		{B26D9DEA-5E4C-4269-8861-BFC1B3613C0C}.Release|Any CPU.Build.0 = Release|Any CPU
		{E5A904BC-831B-46F4-8EF1-0390E8CEB99A}.Debug|Any CPU.ActiveCfg = Debug|Any CPU
		{E5A904BC-831B-46F4-8EF1-0390E8CEB99A}.Debug|Any CPU.Build.0 = Debug|Any CPU
		{E5A904BC-831B-46F4-8EF1-0390E8CEB99A}.Release|Any CPU.ActiveCfg = Release|Any CPU
		{E5A904BC-831B-46F4-8EF1-0390E8CEB99A}.Release|Any CPU.Build.0 = Release|Any CPU
		{7C4487EC-7282-4695-A3DF-8D5E2C33680E}.Debug|Any CPU.ActiveCfg = Debug|Any CPU
		{7C4487EC-7282-4695-A3DF-8D5E2C33680E}.Debug|Any CPU.Build.0 = Debug|Any CPU
		{7C4487EC-7282-4695-A3DF-8D5E2C33680E}.Release|Any CPU.ActiveCfg = Release|Any CPU
		{7C4487EC-7282-4695-A3DF-8D5E2C33680E}.Release|Any CPU.Build.0 = Release|Any CPU
	EndGlobalSection
	GlobalSection(SolutionProperties) = preSolution
		HideSolutionNode = FALSE
	EndGlobalSection
	GlobalSection(NestedProjects) = preSolution
		{B02ADE9D-0B63-4EA7-B45B-E286C659AB58} = {B7357C94-AA0D-45DC-B51E-3C966FE991D4}
		{BBFA0989-FA0A-4C42-BE41-929F69E8178B} = {B02ADE9D-0B63-4EA7-B45B-E286C659AB58}
		{EF1BF490-CE40-4418-A20B-205826A8E165} = {B02ADE9D-0B63-4EA7-B45B-E286C659AB58}
		{421702C0-07E5-412E-8860-64D1DC181A1E} = {B7357C94-AA0D-45DC-B51E-3C966FE991D4}
		{5A5DC4E3-3729-4D33-B52E-50D86EBC5D54} = {421702C0-07E5-412E-8860-64D1DC181A1E}
		{C8374D07-2679-44F8-9E20-FC098D26FF55} = {AC84E431-EC65-415A-B649-736F0A044467}
		{E3AF0F59-2E72-4660-A161-54D63F72B490} = {AC84E431-EC65-415A-B649-736F0A044467}
		{F4D0C759-EBB7-4689-825C-A79758E908FD} = {AC84E431-EC65-415A-B649-736F0A044467}
		{14672425-BF22-4729-A1AF-E2ABABD28176} = {AC84E431-EC65-415A-B649-736F0A044467}
		{A57C36E5-C9D4-4EFD-A4DF-5FA290FF6B17} = {421702C0-07E5-412E-8860-64D1DC181A1E}
		{D1071BB3-2C6B-45C2-B538-707D462B9F5C} = {B7357C94-AA0D-45DC-B51E-3C966FE991D4}
		{11120EF8-D194-4C3B-9458-B560DDC89631} = {D1071BB3-2C6B-45C2-B538-707D462B9F5C}
		{106C696F-0DC9-4C1F-9326-2BDA13560B0E} = {D1071BB3-2C6B-45C2-B538-707D462B9F5C}
		{77166F67-4FE5-415F-B2F9-89B4707C6CD2} = {421702C0-07E5-412E-8860-64D1DC181A1E}
		{F8BFE84A-8142-4E32-BA9A-E787DA3BF3A5} = {AC84E431-EC65-415A-B649-736F0A044467}
		{180C9612-488F-4D13-82D9-58319DB70018} = {421702C0-07E5-412E-8860-64D1DC181A1E}
		{4B09A0D6-77AE-49B0-8D9F-B21A76EFF8A4} = {421702C0-07E5-412E-8860-64D1DC181A1E}
		{5B3D55C7-1DD6-44C2-A52D-3ED65E6AC97A} = {D1071BB3-2C6B-45C2-B538-707D462B9F5C}
		{CDADBA22-077D-4E6F-A66C-80FE9AD70890} = {D1071BB3-2C6B-45C2-B538-707D462B9F5C}
		{B26D9DEA-5E4C-4269-8861-BFC1B3613C0C} = {AC84E431-EC65-415A-B649-736F0A044467}
		{E5A904BC-831B-46F4-8EF1-0390E8CEB99A} = {AC84E431-EC65-415A-B649-736F0A044467}
		{7C4487EC-7282-4695-A3DF-8D5E2C33680E} = {D1071BB3-2C6B-45C2-B538-707D462B9F5C}
	EndGlobalSection
	GlobalSection(ExtensibilityGlobals) = postSolution
		SolutionGuid = {5B8B3F2C-AE0B-4C1D-824D-9EC8F8E6C8C5}
	EndGlobalSection
EndGlobal
