
Microsoft Visual Studio Solution File, Format Version 12.00
# Visual Studio Version 17
VisualStudioVersion = 17.10.35013.160
MinimumVisualStudioVersion = 10.0.40219.1
Project("{2150E333-8FDC-42A3-9474-1A3956D46DE8}") = "Docs", "Docs", "{99F97F37-B2BB-4D45-899F-190F5CA61CC6}"
EndProject
Project("{2150E333-8FDC-42A3-9474-1A3956D46DE8}") = "Src", "Src", "{B7357C94-AA0D-45DC-B51E-3C966FE991D4}"
EndProject
Project("{2150E333-8FDC-42A3-9474-1A3956D46DE8}") = "Tests", "Tests", "{AC84E431-EC65-415A-B649-736F0A044467}"
EndProject
Project("{2150E333-8FDC-42A3-9474-1A3956D46DE8}") = "Core", "Core", "{B02ADE9D-0B63-4EA7-B45B-E286C659AB58}"
EndProject
Project("{9A19103F-16F7-4668-BE54-9A1E7A4F7556}") = "Domain", "Src\Core\Domain\Domain.csproj", "{BBFA0989-FA0A-4C42-BE41-929F69E8178B}"
EndProject
Project("{9A19103F-16F7-4668-BE54-9A1E7A4F7556}") = "Application", "Src\Core\Application\Application.csproj", "{EF1BF490-CE40-4418-A20B-205826A8E165}"
EndProject
Project("{2150E333-8FDC-42A3-9474-1A3956D46DE8}") = "Infrastructures", "Infrastructures", "{421702C0-07E5-412E-8860-64D1DC181A1E}"
EndProject
Project("{9A19103F-16F7-4668-BE54-9A1E7A4F7556}") = "Infrastructure", "Src\Infrastructures\Infrastructure\Infrastructure.csproj", "{5A5DC4E3-3729-4D33-B52E-50D86EBC5D54}"
EndProject
Project("{9A19103F-16F7-4668-BE54-9A1E7A4F7556}") = "WebApi", "Src\Presentation\WebApi\WebApi.csproj", "{DD3435AE-9329-4A29-B0A8-94AA3FAB37FF}"
EndProject
Project("{9A19103F-16F7-4668-BE54-9A1E7A4F7556}") = "Domain.UnitTests", "Tests\Domain.UnitTests\Domain.UnitTests.csproj", "{C8374D07-2679-44F8-9E20-FC098D26FF55}"
EndProject
Project("{9A19103F-16F7-4668-BE54-9A1E7A4F7556}") = "Application.IntegrationTests", "Tests\Application.IntegrationTests\Application.IntegrationTests.csproj", "{E3AF0F59-2E72-4660-A161-54D63F72B490}"
EndProject
Project("{9A19103F-16F7-4668-BE54-9A1E7A4F7556}") = "SharedUtilityTestMethods", "Tests\SharedUtilityTestMethods\SharedUtilityTestMethods.csproj", "{F4D0C759-EBB7-4689-825C-A79758E908FD}"
EndProject
Project("{9A19103F-16F7-4668-BE54-9A1E7A4F7556}") = "Infrastructure.IntegrationTests", "Tests\Infrastructure.IntegrationTests\Infrastructure.IntegrationTests.csproj", "{14672425-BF22-4729-A1AF-E2ABABD28176}"
EndProject
Project("{FAE04EC0-301F-11D3-BF4B-00C04F79EFBC}") = "ServiceLayer", "Src\Infrastructures\ServiceLayer\ServiceLayer.csproj", "{A57C36E5-C9D4-4EFD-A4DF-5FA290FF6B17}"
EndProject
Global
	GlobalSection(SolutionConfigurationPlatforms) = preSolution
		Debug|Any CPU = Debug|Any CPU
		Release|Any CPU = Release|Any CPU
	EndGlobalSection
	GlobalSection(ProjectConfigurationPlatforms) = postSolution
		{BBFA0989-FA0A-4C42-BE41-929F69E8178B}.Debug|Any CPU.ActiveCfg = Debug|Any CPU
		{BBFA0989-FA0A-4C42-BE41-929F69E8178B}.Debug|Any CPU.Build.0 = Debug|Any CPU
		{BBFA0989-FA0A-4C42-BE41-929F69E8178B}.Release|Any CPU.ActiveCfg = Release|Any CPU
		{BBFA0989-FA0A-4C42-BE41-929F69E8178B}.Release|Any CPU.Build.0 = Release|Any CPU
		{EF1BF490-CE40-4418-A20B-205826A8E165}.Debug|Any CPU.ActiveCfg = Debug|Any CPU
		{EF1BF490-CE40-4418-A20B-205826A8E165}.Debug|Any CPU.Build.0 = Debug|Any CPU
		{EF1BF490-CE40-4418-A20B-205826A8E165}.Release|Any CPU.ActiveCfg = Release|Any CPU
		{EF1BF490-CE40-4418-A20B-205826A8E165}.Release|Any CPU.Build.0 = Release|Any CPU
		{5A5DC4E3-3729-4D33-B52E-50D86EBC5D54}.Debug|Any CPU.ActiveCfg = Debug|Any CPU
		{5A5DC4E3-3729-4D33-B52E-50D86EBC5D54}.Debug|Any CPU.Build.0 = Debug|Any CPU
		{5A5DC4E3-3729-4D33-B52E-50D86EBC5D54}.Release|Any CPU.ActiveCfg = Release|Any CPU
		{5A5DC4E3-3729-4D33-B52E-50D86EBC5D54}.Release|Any CPU.Build.0 = Release|Any CPU
		{DD3435AE-9329-4A29-B0A8-94AA3FAB37FF}.Debug|Any CPU.ActiveCfg = Debug|Any CPU
		{DD3435AE-9329-4A29-B0A8-94AA3FAB37FF}.Debug|Any CPU.Build.0 = Debug|Any CPU
		{DD3435AE-9329-4A29-B0A8-94AA3FAB37FF}.Release|Any CPU.ActiveCfg = Release|Any CPU
		{DD3435AE-9329-4A29-B0A8-94AA3FAB37FF}.Release|Any CPU.Build.0 = Release|Any CPU
		{C8374D07-2679-44F8-9E20-FC098D26FF55}.Debug|Any CPU.ActiveCfg = Debug|Any CPU
		{C8374D07-2679-44F8-9E20-FC098D26FF55}.Debug|Any CPU.Build.0 = Debug|Any CPU
		{C8374D07-2679-44F8-9E20-FC098D26FF55}.Release|Any CPU.ActiveCfg = Release|Any CPU
		{C8374D07-2679-44F8-9E20-FC098D26FF55}.Release|Any CPU.Build.0 = Release|Any CPU
		{E3AF0F59-2E72-4660-A161-54D63F72B490}.Debug|Any CPU.ActiveCfg = Debug|Any CPU
		{E3AF0F59-2E72-4660-A161-54D63F72B490}.Debug|Any CPU.Build.0 = Debug|Any CPU
		{E3AF0F59-2E72-4660-A161-54D63F72B490}.Release|Any CPU.ActiveCfg = Release|Any CPU
		{E3AF0F59-2E72-4660-A161-54D63F72B490}.Release|Any CPU.Build.0 = Release|Any CPU
		{F4D0C759-EBB7-4689-825C-A79758E908FD}.Debug|Any CPU.ActiveCfg = Debug|Any CPU
		{F4D0C759-EBB7-4689-825C-A79758E908FD}.Debug|Any CPU.Build.0 = Debug|Any CPU
		{F4D0C759-EBB7-4689-825C-A79758E908FD}.Release|Any CPU.ActiveCfg = Release|Any CPU
		{F4D0C759-EBB7-4689-825C-A79758E908FD}.Release|Any CPU.Build.0 = Release|Any CPU
		{14672425-BF22-4729-A1AF-E2ABABD28176}.Debug|Any CPU.ActiveCfg = Debug|Any CPU
		{14672425-BF22-4729-A1AF-E2ABABD28176}.Debug|Any CPU.Build.0 = Debug|Any CPU
		{14672425-BF22-4729-A1AF-E2ABABD28176}.Release|Any CPU.ActiveCfg = Release|Any CPU
		{14672425-BF22-4729-A1AF-E2ABABD28176}.Release|Any CPU.Build.0 = Release|Any CPU
		{A57C36E5-C9D4-4EFD-A4DF-5FA290FF6B17}.Debug|Any CPU.ActiveCfg = Debug|Any CPU
		{A57C36E5-C9D4-4EFD-A4DF-5FA290FF6B17}.Debug|Any CPU.Build.0 = Debug|Any CPU
		{A57C36E5-C9D4-4EFD-A4DF-5FA290FF6B17}.Release|Any CPU.ActiveCfg = Release|Any CPU
		{A57C36E5-C9D4-4EFD-A4DF-5FA290FF6B17}.Release|Any CPU.Build.0 = Release|Any CPU
	EndGlobalSection
	GlobalSection(SolutionProperties) = preSolution
		HideSolutionNode = FALSE
	EndGlobalSection
	GlobalSection(NestedProjects) = preSolution
		{B02ADE9D-0B63-4EA7-B45B-E286C659AB58} = {B7357C94-AA0D-45DC-B51E-3C966FE991D4}
		{BBFA0989-FA0A-4C42-BE41-929F69E8178B} = {B02ADE9D-0B63-4EA7-B45B-E286C659AB58}
		{EF1BF490-CE40-4418-A20B-205826A8E165} = {B02ADE9D-0B63-4EA7-B45B-E286C659AB58}
		{421702C0-07E5-412E-8860-64D1DC181A1E} = {B7357C94-AA0D-45DC-B51E-3C966FE991D4}
		{5A5DC4E3-3729-4D33-B52E-50D86EBC5D54} = {421702C0-07E5-412E-8860-64D1DC181A1E}
		{DD3435AE-9329-4A29-B0A8-94AA3FAB37FF} = {B7357C94-AA0D-45DC-B51E-3C966FE991D4}
		{C8374D07-2679-44F8-9E20-FC098D26FF55} = {AC84E431-EC65-415A-B649-736F0A044467}
		{E3AF0F59-2E72-4660-A161-54D63F72B490} = {AC84E431-EC65-415A-B649-736F0A044467}
		{F4D0C759-EBB7-4689-825C-A79758E908FD} = {AC84E431-EC65-415A-B649-736F0A044467}
		{14672425-BF22-4729-A1AF-E2ABABD28176} = {AC84E431-EC65-415A-B649-736F0A044467}
		{A57C36E5-C9D4-4EFD-A4DF-5FA290FF6B17} = {421702C0-07E5-412E-8860-64D1DC181A1E}
	EndGlobalSection
	GlobalSection(ExtensibilityGlobals) = postSolution
		SolutionGuid = {5B8B3F2C-AE0B-4C1D-824D-9EC8F8E6C8C5}
	EndGlobalSection
EndGlobal
